
Microsoft Visual Studio Solution File, Format Version 12.00
# Visual Studio Version 17
VisualStudioVersion = 17.5.33414.496
MinimumVisualStudioVersion = 10.0.40219.1
Project("{FAE04EC0-301F-11D3-BF4B-00C04F79EFBC}") = "21.02", "21.02\21.02.csproj", "{20C16FE5-91E9-41D6-B909-51F6EF4677F7}"
EndProject
Global
	GlobalSection(SolutionConfigurationPlatforms) = preSolution
		Debug|Any CPU = Debug|Any CPU
		Release|Any CPU = Release|Any CPU
	EndGlobalSection
	GlobalSection(ProjectConfigurationPlatforms) = postSolution
		{20C16FE5-91E9-41D6-B909-51F6EF4677F7}.Debug|Any CPU.ActiveCfg = Debug|Any CPU
		{20C16FE5-91E9-41D6-B909-51F6EF4677F7}.Debug|Any CPU.Build.0 = Debug|Any CPU
		{20C16FE5-91E9-41D6-B909-51F6EF4677F7}.Release|Any CPU.ActiveCfg = Release|Any CPU
		{20C16FE5-91E9-41D6-B909-51F6EF4677F7}.Release|Any CPU.Build.0 = Release|Any CPU
	EndGlobalSection
	GlobalSection(SolutionProperties) = preSolution
		HideSolutionNode = FALSE
	EndGlobalSection
	GlobalSection(ExtensibilityGlobals) = postSolution
		SolutionGuid = {BD55C7C1-03D5-4831-9AFB-2C2E965A08F4}
	EndGlobalSection
EndGlobal
